// !$*UTF8*$!
{
	archiveVersion = 1;
	classes = {
	};
	objectVersion = 55;
	objects = {

/* Begin PBXBuildFile section */
		A00A561F284ED987004A36EC /* APIPath.swift in Sources */ = {isa = PBXBuildFile; fileRef = A00A561E284ED987004A36EC /* APIPath.swift */; };
		A00A5621284EEFF6004A36EC /* NewsService.swift in Sources */ = {isa = PBXBuildFile; fileRef = A00A5620284EEFF6004A36EC /* NewsService.swift */; };
		A00A562528519D45004A36EC /* APIClient.swift in Sources */ = {isa = PBXBuildFile; fileRef = A00A562428519D45004A36EC /* APIClient.swift */; };
		A00A562828523DD3004A36EC /* KeychainSwift in Frameworks */ = {isa = PBXBuildFile; productRef = A00A562728523DD3004A36EC /* KeychainSwift */; };
		A00A562A28523E09004A36EC /* App.swift in Sources */ = {isa = PBXBuildFile; fileRef = A00A562928523E09004A36EC /* App.swift */; };
		A00A562C28523EEF004A36EC /* AuthStore.swift in Sources */ = {isa = PBXBuildFile; fileRef = A00A562B28523EEF004A36EC /* AuthStore.swift */; };
		A00A562E28524BB5004A36EC /* RequestMiddleware.swift in Sources */ = {isa = PBXBuildFile; fileRef = A00A562D28524BB5004A36EC /* RequestMiddleware.swift */; };
		A00A5631285251E6004A36EC /* RxCocoa in Frameworks */ = {isa = PBXBuildFile; productRef = A00A5630285251E6004A36EC /* RxCocoa */; };
		A00A5633285251E6004A36EC /* RxSwift in Frameworks */ = {isa = PBXBuildFile; productRef = A00A5632285251E6004A36EC /* RxSwift */; };
		A00A563528525330004A36EC /* NewsViewModel.swift in Sources */ = {isa = PBXBuildFile; fileRef = A00A563428525330004A36EC /* NewsViewModel.swift */; };
		A00A563828526098004A36EC /* NewsTableViewCell.swift in Sources */ = {isa = PBXBuildFile; fileRef = A00A563628526098004A36EC /* NewsTableViewCell.swift */; };
		A00A563928526098004A36EC /* NewsTableViewCell.xib in Resources */ = {isa = PBXBuildFile; fileRef = A00A563728526098004A36EC /* NewsTableViewCell.xib */; };
		A00A563C28526B71004A36EC /* SDWebImage in Frameworks */ = {isa = PBXBuildFile; productRef = A00A563B28526B71004A36EC /* SDWebImage */; };
		A00A563F28530E83004A36EC /* FilterViewController.swift in Sources */ = {isa = PBXBuildFile; fileRef = A00A563D28530E83004A36EC /* FilterViewController.swift */; };
		A00A564028530E83004A36EC /* FilterViewController.xib in Resources */ = {isa = PBXBuildFile; fileRef = A00A563E28530E83004A36EC /* FilterViewController.xib */; };
		A040ECAB285510C9009DE3B0 /* SelectCountryView.swift in Sources */ = {isa = PBXBuildFile; fileRef = A040ECAA285510C9009DE3B0 /* SelectCountryView.swift */; };
		A040ECAD285510D9009DE3B0 /* SelectCountryView.xib in Resources */ = {isa = PBXBuildFile; fileRef = A040ECAC285510D9009DE3B0 /* SelectCountryView.xib */; };
		A040ECAF28565E4A009DE3B0 /* SelectedFiltersView.swift in Sources */ = {isa = PBXBuildFile; fileRef = A040ECAE28565E4A009DE3B0 /* SelectedFiltersView.swift */; };
		A040ECB128565E56009DE3B0 /* SelectedFiltersView.xib in Resources */ = {isa = PBXBuildFile; fileRef = A040ECB028565E56009DE3B0 /* SelectedFiltersView.xib */; };
		A07A214F285E2F4700084711 /* ViewController+Extensions.swift in Sources */ = {isa = PBXBuildFile; fileRef = A07A214E285E2F4700084711 /* ViewController+Extensions.swift */; };
		A07A2152285E42B900084711 /* News.swift in Sources */ = {isa = PBXBuildFile; fileRef = A07A2151285E42B900084711 /* News.swift */; };
		A07A2154285E42F100084711 /* ResponseModel.swift in Sources */ = {isa = PBXBuildFile; fileRef = A07A2153285E42F100084711 /* ResponseModel.swift */; };
		A0D68641284D37B600D673CF /* AppDelegate.swift in Sources */ = {isa = PBXBuildFile; fileRef = A0D68640284D37B600D673CF /* AppDelegate.swift */; };
		A0D68643284D37B600D673CF /* SceneDelegate.swift in Sources */ = {isa = PBXBuildFile; fileRef = A0D68642284D37B600D673CF /* SceneDelegate.swift */; };
		A0D68645284D37B600D673CF /* NewsViewController.swift in Sources */ = {isa = PBXBuildFile; fileRef = A0D68644284D37B600D673CF /* NewsViewController.swift */; };
		A0D68648284D37B600D673CF /* Main.storyboard in Resources */ = {isa = PBXBuildFile; fileRef = A0D68646284D37B600D673CF /* Main.storyboard */; };
		A0D6864A284D37B800D673CF /* Assets.xcassets in Resources */ = {isa = PBXBuildFile; fileRef = A0D68649284D37B800D673CF /* Assets.xcassets */; };
		A0D6864D284D37B800D673CF /* LaunchScreen.storyboard in Resources */ = {isa = PBXBuildFile; fileRef = A0D6864B284D37B800D673CF /* LaunchScreen.storyboard */; };
		A0D68658284D37B800D673CF /* NetworkLayerTests.swift in Sources */ = {isa = PBXBuildFile; fileRef = A0D68657284D37B800D673CF /* NetworkLayerTests.swift */; };
		A0D68662284D37B800D673CF /* NetworkLayerUITests.swift in Sources */ = {isa = PBXBuildFile; fileRef = A0D68661284D37B800D673CF /* NetworkLayerUITests.swift */; };
		A0D68664284D37B800D673CF /* NetworkLayerUITestsLaunchTests.swift in Sources */ = {isa = PBXBuildFile; fileRef = A0D68663284D37B800D673CF /* NetworkLayerUITestsLaunchTests.swift */; };
		A0D68672284D384500D673CF /* Request.swift in Sources */ = {isa = PBXBuildFile; fileRef = A0D68671284D384500D673CF /* Request.swift */; };
		A0D68673284D384C00D673CF /* Request.swift in Sources */ = {isa = PBXBuildFile; fileRef = A0D68671284D384500D673CF /* Request.swift */; };
/* End PBXBuildFile section */

/* Begin PBXContainerItemProxy section */
		A0D68654284D37B800D673CF /* PBXContainerItemProxy */ = {
			isa = PBXContainerItemProxy;
			containerPortal = A0D68635284D37B600D673CF /* Project object */;
			proxyType = 1;
			remoteGlobalIDString = A0D6863C284D37B600D673CF;
			remoteInfo = NetworkLayer;
		};
		A0D6865E284D37B800D673CF /* PBXContainerItemProxy */ = {
			isa = PBXContainerItemProxy;
			containerPortal = A0D68635284D37B600D673CF /* Project object */;
			proxyType = 1;
			remoteGlobalIDString = A0D6863C284D37B600D673CF;
			remoteInfo = NetworkLayer;
		};
/* End PBXContainerItemProxy section */

/* Begin PBXFileReference section */
		A00A561E284ED987004A36EC /* APIPath.swift */ = {isa = PBXFileReference; lastKnownFileType = sourcecode.swift; path = APIPath.swift; sourceTree = "<group>"; };
		A00A5620284EEFF6004A36EC /* NewsService.swift */ = {isa = PBXFileReference; lastKnownFileType = sourcecode.swift; path = NewsService.swift; sourceTree = "<group>"; };
		A00A562428519D45004A36EC /* APIClient.swift */ = {isa = PBXFileReference; lastKnownFileType = sourcecode.swift; path = APIClient.swift; sourceTree = "<group>"; };
		A00A562928523E09004A36EC /* App.swift */ = {isa = PBXFileReference; lastKnownFileType = sourcecode.swift; path = App.swift; sourceTree = "<group>"; };
		A00A562B28523EEF004A36EC /* AuthStore.swift */ = {isa = PBXFileReference; lastKnownFileType = sourcecode.swift; path = AuthStore.swift; sourceTree = "<group>"; };
		A00A562D28524BB5004A36EC /* RequestMiddleware.swift */ = {isa = PBXFileReference; lastKnownFileType = sourcecode.swift; path = RequestMiddleware.swift; sourceTree = "<group>"; };
		A00A563428525330004A36EC /* NewsViewModel.swift */ = {isa = PBXFileReference; lastKnownFileType = sourcecode.swift; path = NewsViewModel.swift; sourceTree = "<group>"; };
		A00A563628526098004A36EC /* NewsTableViewCell.swift */ = {isa = PBXFileReference; lastKnownFileType = sourcecode.swift; path = NewsTableViewCell.swift; sourceTree = "<group>"; };
		A00A563728526098004A36EC /* NewsTableViewCell.xib */ = {isa = PBXFileReference; lastKnownFileType = file.xib; path = NewsTableViewCell.xib; sourceTree = "<group>"; };
		A00A563D28530E83004A36EC /* FilterViewController.swift */ = {isa = PBXFileReference; lastKnownFileType = sourcecode.swift; path = FilterViewController.swift; sourceTree = "<group>"; };
		A00A563E28530E83004A36EC /* FilterViewController.xib */ = {isa = PBXFileReference; lastKnownFileType = file.xib; path = FilterViewController.xib; sourceTree = "<group>"; };
		A040ECAA285510C9009DE3B0 /* SelectCountryView.swift */ = {isa = PBXFileReference; lastKnownFileType = sourcecode.swift; path = SelectCountryView.swift; sourceTree = "<group>"; };
		A040ECAC285510D9009DE3B0 /* SelectCountryView.xib */ = {isa = PBXFileReference; lastKnownFileType = file.xib; path = SelectCountryView.xib; sourceTree = "<group>"; };
		A040ECAE28565E4A009DE3B0 /* SelectedFiltersView.swift */ = {isa = PBXFileReference; lastKnownFileType = sourcecode.swift; path = SelectedFiltersView.swift; sourceTree = "<group>"; };
		A040ECB028565E56009DE3B0 /* SelectedFiltersView.xib */ = {isa = PBXFileReference; lastKnownFileType = file.xib; path = SelectedFiltersView.xib; sourceTree = "<group>"; };
		A07A214E285E2F4700084711 /* ViewController+Extensions.swift */ = {isa = PBXFileReference; lastKnownFileType = sourcecode.swift; path = "ViewController+Extensions.swift"; sourceTree = "<group>"; };
		A07A2151285E42B900084711 /* News.swift */ = {isa = PBXFileReference; lastKnownFileType = sourcecode.swift; path = News.swift; sourceTree = "<group>"; };
		A07A2153285E42F100084711 /* ResponseModel.swift */ = {isa = PBXFileReference; lastKnownFileType = sourcecode.swift; path = ResponseModel.swift; sourceTree = "<group>"; };
		A0D6863D284D37B600D673CF /* News.app */ = {isa = PBXFileReference; explicitFileType = wrapper.application; includeInIndex = 0; path = News.app; sourceTree = BUILT_PRODUCTS_DIR; };
		A0D68640284D37B600D673CF /* AppDelegate.swift */ = {isa = PBXFileReference; lastKnownFileType = sourcecode.swift; path = AppDelegate.swift; sourceTree = "<group>"; };
		A0D68642284D37B600D673CF /* SceneDelegate.swift */ = {isa = PBXFileReference; lastKnownFileType = sourcecode.swift; path = SceneDelegate.swift; sourceTree = "<group>"; };
		A0D68644284D37B600D673CF /* NewsViewController.swift */ = {isa = PBXFileReference; lastKnownFileType = sourcecode.swift; path = NewsViewController.swift; sourceTree = "<group>"; };
		A0D68647284D37B600D673CF /* Base */ = {isa = PBXFileReference; lastKnownFileType = file.storyboard; name = Base; path = Base.lproj/Main.storyboard; sourceTree = "<group>"; };
		A0D68649284D37B800D673CF /* Assets.xcassets */ = {isa = PBXFileReference; lastKnownFileType = folder.assetcatalog; path = Assets.xcassets; sourceTree = "<group>"; };
		A0D6864C284D37B800D673CF /* Base */ = {isa = PBXFileReference; lastKnownFileType = file.storyboard; name = Base; path = Base.lproj/LaunchScreen.storyboard; sourceTree = "<group>"; };
		A0D6864E284D37B800D673CF /* Info.plist */ = {isa = PBXFileReference; lastKnownFileType = text.plist.xml; path = Info.plist; sourceTree = "<group>"; };
		A0D68653284D37B800D673CF /* NetworkLayerTests.xctest */ = {isa = PBXFileReference; explicitFileType = wrapper.cfbundle; includeInIndex = 0; path = NetworkLayerTests.xctest; sourceTree = BUILT_PRODUCTS_DIR; };
		A0D68657284D37B800D673CF /* NetworkLayerTests.swift */ = {isa = PBXFileReference; lastKnownFileType = sourcecode.swift; path = NetworkLayerTests.swift; sourceTree = "<group>"; };
		A0D6865D284D37B800D673CF /* NetworkLayerUITests.xctest */ = {isa = PBXFileReference; explicitFileType = wrapper.cfbundle; includeInIndex = 0; path = NetworkLayerUITests.xctest; sourceTree = BUILT_PRODUCTS_DIR; };
		A0D68661284D37B800D673CF /* NetworkLayerUITests.swift */ = {isa = PBXFileReference; lastKnownFileType = sourcecode.swift; path = NetworkLayerUITests.swift; sourceTree = "<group>"; };
		A0D68663284D37B800D673CF /* NetworkLayerUITestsLaunchTests.swift */ = {isa = PBXFileReference; lastKnownFileType = sourcecode.swift; path = NetworkLayerUITestsLaunchTests.swift; sourceTree = "<group>"; };
		A0D68671284D384500D673CF /* Request.swift */ = {isa = PBXFileReference; lastKnownFileType = sourcecode.swift; path = Request.swift; sourceTree = "<group>"; };
/* End PBXFileReference section */

/* Begin PBXFrameworksBuildPhase section */
		A0D6863A284D37B600D673CF /* Frameworks */ = {
			isa = PBXFrameworksBuildPhase;
			buildActionMask = 2147483647;
			files = (
				A00A5633285251E6004A36EC /* RxSwift in Frameworks */,
				A00A5631285251E6004A36EC /* RxCocoa in Frameworks */,
				A00A563C28526B71004A36EC /* SDWebImage in Frameworks */,
				A00A562828523DD3004A36EC /* KeychainSwift in Frameworks */,
			);
			runOnlyForDeploymentPostprocessing = 0;
		};
		A0D68650284D37B800D673CF /* Frameworks */ = {
			isa = PBXFrameworksBuildPhase;
			buildActionMask = 2147483647;
			files = (
			);
			runOnlyForDeploymentPostprocessing = 0;
		};
		A0D6865A284D37B800D673CF /* Frameworks */ = {
			isa = PBXFrameworksBuildPhase;
			buildActionMask = 2147483647;
			files = (
			);
			runOnlyForDeploymentPostprocessing = 0;
		};
/* End PBXFrameworksBuildPhase section */

/* Begin PBXGroup section */
		A07A2150285E426700084711 /* NewsList */ = {
			isa = PBXGroup;
			children = (
				A07A2157285E436800084711 /* views */,
				A0D68644284D37B600D673CF /* NewsViewController.swift */,
				A00A563428525330004A36EC /* NewsViewModel.swift */,
				A07A2151285E42B900084711 /* News.swift */,
			);
			path = NewsList;
			sourceTree = "<group>";
		};
		A07A2155285E431700084711 /* Filters */ = {
			isa = PBXGroup;
			children = (
				A07A2158285E437B00084711 /* views */,
				A00A563D28530E83004A36EC /* FilterViewController.swift */,
				A00A563E28530E83004A36EC /* FilterViewController.xib */,
			);
			path = Filters;
			sourceTree = "<group>";
		};
		A07A2157285E436800084711 /* views */ = {
			isa = PBXGroup;
			children = (
				A00A563628526098004A36EC /* NewsTableViewCell.swift */,
				A00A563728526098004A36EC /* NewsTableViewCell.xib */,
			);
			path = views;
			sourceTree = "<group>";
		};
		A07A2158285E437B00084711 /* views */ = {
			isa = PBXGroup;
			children = (
				A040ECAA285510C9009DE3B0 /* SelectCountryView.swift */,
				A040ECAC285510D9009DE3B0 /* SelectCountryView.xib */,
				A040ECAE28565E4A009DE3B0 /* SelectedFiltersView.swift */,
				A040ECB028565E56009DE3B0 /* SelectedFiltersView.xib */,
			);
			path = views;
			sourceTree = "<group>";
		};
		A07A2159285E43BA00084711 /* Extensions */ = {
			isa = PBXGroup;
			children = (
				A07A214E285E2F4700084711 /* ViewController+Extensions.swift */,
			);
			path = Extensions;
			sourceTree = "<group>";
		};
		A07A215A285E43F700084711 /* UseCase */ = {
			isa = PBXGroup;
			children = (
				A07A2155285E431700084711 /* Filters */,
				A07A2150285E426700084711 /* NewsList */,
			);
			path = UseCase;
			sourceTree = "<group>";
		};
		A0D68634284D37B600D673CF = {
			isa = PBXGroup;
			children = (
				A0D6863F284D37B600D673CF /* News */,
				A0D68656284D37B800D673CF /* NewsTests */,
				A0D68660284D37B800D673CF /* NewsUITests */,
				A0D6863E284D37B600D673CF /* Products */,
			);
			sourceTree = "<group>";
		};
		A0D6863E284D37B600D673CF /* Products */ = {
			isa = PBXGroup;
			children = (
				A0D6863D284D37B600D673CF /* News.app */,
				A0D68653284D37B800D673CF /* NetworkLayerTests.xctest */,
				A0D6865D284D37B800D673CF /* NetworkLayerUITests.xctest */,
			);
			name = Products;
			sourceTree = "<group>";
		};
		A0D6863F284D37B600D673CF /* News */ = {
			isa = PBXGroup;
			children = (
				A00A562928523E09004A36EC /* App.swift */,
				A0D68640284D37B600D673CF /* AppDelegate.swift */,
				A0D68642284D37B600D673CF /* SceneDelegate.swift */,
				A00A562B28523EEF004A36EC /* AuthStore.swift */,
				A0D68646284D37B600D673CF /* Main.storyboard */,
				A0D6864B284D37B800D673CF /* LaunchScreen.storyboard */,
				A0D6864E284D37B800D673CF /* Info.plist */,
				A0D68649284D37B800D673CF /* Assets.xcassets */,
				A07A215A285E43F700084711 /* UseCase */,
				A0D68670284D37D100D673CF /* Networking */,
				A07A2159285E43BA00084711 /* Extensions */,
			);
			path = News;
			sourceTree = "<group>";
		};
		A0D68656284D37B800D673CF /* NewsTests */ = {
			isa = PBXGroup;
			children = (
				A0D68657284D37B800D673CF /* NetworkLayerTests.swift */,
			);
			path = NewsTests;
			sourceTree = "<group>";
		};
		A0D68660284D37B800D673CF /* NewsUITests */ = {
			isa = PBXGroup;
			children = (
				A0D68661284D37B800D673CF /* NetworkLayerUITests.swift */,
				A0D68663284D37B800D673CF /* NetworkLayerUITestsLaunchTests.swift */,
			);
			path = NewsUITests;
			sourceTree = "<group>";
		};
		A0D68670284D37D100D673CF /* Networking */ = {
			isa = PBXGroup;
			children = (
				A07A2153285E42F100084711 /* ResponseModel.swift */,
				A0D68671284D384500D673CF /* Request.swift */,
				A00A562D28524BB5004A36EC /* RequestMiddleware.swift */,
				A00A561E284ED987004A36EC /* APIPath.swift */,
				A00A5620284EEFF6004A36EC /* NewsService.swift */,
				A00A562428519D45004A36EC /* APIClient.swift */,
			);
			path = Networking;
			sourceTree = "<group>";
		};
/* End PBXGroup section */

/* Begin PBXNativeTarget section */
		A0D6863C284D37B600D673CF /* News */ = {
			isa = PBXNativeTarget;
			buildConfigurationList = A0D68667284D37B800D673CF /* Build configuration list for PBXNativeTarget "News" */;
			buildPhases = (
				A0D68639284D37B600D673CF /* Sources */,
				A0D6863A284D37B600D673CF /* Frameworks */,
				A0D6863B284D37B600D673CF /* Resources */,
			);
			buildRules = (
			);
			dependencies = (
			);
			name = News;
			packageProductDependencies = (
				A00A562728523DD3004A36EC /* KeychainSwift */,
				A00A5630285251E6004A36EC /* RxCocoa */,
				A00A5632285251E6004A36EC /* RxSwift */,
				A00A563B28526B71004A36EC /* SDWebImage */,
			);
			productName = NetworkLayer;
			productReference = A0D6863D284D37B600D673CF /* News.app */;
			productType = "com.apple.product-type.application";
		};
		A0D68652284D37B800D673CF /* NetworkLayerTests */ = {
			isa = PBXNativeTarget;
			buildConfigurationList = A0D6866A284D37B800D673CF /* Build configuration list for PBXNativeTarget "NetworkLayerTests" */;
			buildPhases = (
				A0D6864F284D37B800D673CF /* Sources */,
				A0D68650284D37B800D673CF /* Frameworks */,
				A0D68651284D37B800D673CF /* Resources */,
			);
			buildRules = (
			);
			dependencies = (
				A0D68655284D37B800D673CF /* PBXTargetDependency */,
			);
			name = NetworkLayerTests;
			productName = NetworkLayerTests;
			productReference = A0D68653284D37B800D673CF /* NetworkLayerTests.xctest */;
			productType = "com.apple.product-type.bundle.unit-test";
		};
		A0D6865C284D37B800D673CF /* NetworkLayerUITests */ = {
			isa = PBXNativeTarget;
			buildConfigurationList = A0D6866D284D37B800D673CF /* Build configuration list for PBXNativeTarget "NetworkLayerUITests" */;
			buildPhases = (
				A0D68659284D37B800D673CF /* Sources */,
				A0D6865A284D37B800D673CF /* Frameworks */,
				A0D6865B284D37B800D673CF /* Resources */,
			);
			buildRules = (
			);
			dependencies = (
				A0D6865F284D37B800D673CF /* PBXTargetDependency */,
			);
			name = NetworkLayerUITests;
			productName = NetworkLayerUITests;
			productReference = A0D6865D284D37B800D673CF /* NetworkLayerUITests.xctest */;
			productType = "com.apple.product-type.bundle.ui-testing";
		};
/* End PBXNativeTarget section */

/* Begin PBXProject section */
		A0D68635284D37B600D673CF /* Project object */ = {
			isa = PBXProject;
			attributes = {
				BuildIndependentTargetsInParallel = 1;
				LastSwiftUpdateCheck = 1330;
				LastUpgradeCheck = 1330;
				TargetAttributes = {
					A0D6863C284D37B600D673CF = {
						CreatedOnToolsVersion = 13.3.1;
					};
					A0D68652284D37B800D673CF = {
						CreatedOnToolsVersion = 13.3.1;
						TestTargetID = A0D6863C284D37B600D673CF;
					};
					A0D6865C284D37B800D673CF = {
						CreatedOnToolsVersion = 13.3.1;
						TestTargetID = A0D6863C284D37B600D673CF;
					};
				};
			};
			buildConfigurationList = A0D68638284D37B600D673CF /* Build configuration list for PBXProject "News" */;
			compatibilityVersion = "Xcode 13.0";
			developmentRegion = en;
			hasScannedForEncodings = 0;
			knownRegions = (
				en,
				Base,
			);
			mainGroup = A0D68634284D37B600D673CF;
			packageReferences = (
				A00A562628523DD3004A36EC /* XCRemoteSwiftPackageReference "keychain-swift" */,
				A00A562F285251E6004A36EC /* XCRemoteSwiftPackageReference "RxSwift" */,
				A00A563A28526B71004A36EC /* XCRemoteSwiftPackageReference "SDWebImage" */,
			);
			productRefGroup = A0D6863E284D37B600D673CF /* Products */;
			projectDirPath = "";
			projectRoot = "";
			targets = (
				A0D6863C284D37B600D673CF /* News */,
				A0D68652284D37B800D673CF /* NetworkLayerTests */,
				A0D6865C284D37B800D673CF /* NetworkLayerUITests */,
			);
		};
/* End PBXProject section */

/* Begin PBXResourcesBuildPhase section */
		A0D6863B284D37B600D673CF /* Resources */ = {
			isa = PBXResourcesBuildPhase;
			buildActionMask = 2147483647;
			files = (
				A00A564028530E83004A36EC /* FilterViewController.xib in Resources */,
				A0D6864D284D37B800D673CF /* LaunchScreen.storyboard in Resources */,
				A0D6864A284D37B800D673CF /* Assets.xcassets in Resources */,
				A040ECB128565E56009DE3B0 /* SelectedFiltersView.xib in Resources */,
				A00A563928526098004A36EC /* NewsTableViewCell.xib in Resources */,
				A0D68648284D37B600D673CF /* Main.storyboard in Resources */,
				A040ECAD285510D9009DE3B0 /* SelectCountryView.xib in Resources */,
			);
			runOnlyForDeploymentPostprocessing = 0;
		};
		A0D68651284D37B800D673CF /* Resources */ = {
			isa = PBXResourcesBuildPhase;
			buildActionMask = 2147483647;
			files = (
			);
			runOnlyForDeploymentPostprocessing = 0;
		};
		A0D6865B284D37B800D673CF /* Resources */ = {
			isa = PBXResourcesBuildPhase;
			buildActionMask = 2147483647;
			files = (
			);
			runOnlyForDeploymentPostprocessing = 0;
		};
/* End PBXResourcesBuildPhase section */

/* Begin PBXSourcesBuildPhase section */
		A0D68639284D37B600D673CF /* Sources */ = {
			isa = PBXSourcesBuildPhase;
			buildActionMask = 2147483647;
			files = (
				A0D68645284D37B600D673CF /* NewsViewController.swift in Sources */,
				A00A5621284EEFF6004A36EC /* NewsService.swift in Sources */,
				A00A563828526098004A36EC /* NewsTableViewCell.swift in Sources */,
				A040ECAB285510C9009DE3B0 /* SelectCountryView.swift in Sources */,
				A07A214F285E2F4700084711 /* ViewController+Extensions.swift in Sources */,
				A040ECAF28565E4A009DE3B0 /* SelectedFiltersView.swift in Sources */,
				A00A562528519D45004A36EC /* APIClient.swift in Sources */,
				A00A562E28524BB5004A36EC /* RequestMiddleware.swift in Sources */,
				A00A561F284ED987004A36EC /* APIPath.swift in Sources */,
				A0D68672284D384500D673CF /* Request.swift in Sources */,
				A07A2154285E42F100084711 /* ResponseModel.swift in Sources */,
				A00A563F28530E83004A36EC /* FilterViewController.swift in Sources */,
				A00A563528525330004A36EC /* NewsViewModel.swift in Sources */,
				A00A562A28523E09004A36EC /* App.swift in Sources */,
				A0D68641284D37B600D673CF /* AppDelegate.swift in Sources */,
				A00A562C28523EEF004A36EC /* AuthStore.swift in Sources */,
				A07A2152285E42B900084711 /* News.swift in Sources */,
				A0D68643284D37B600D673CF /* SceneDelegate.swift in Sources */,
			);
			runOnlyForDeploymentPostprocessing = 0;
		};
		A0D6864F284D37B800D673CF /* Sources */ = {
			isa = PBXSourcesBuildPhase;
			buildActionMask = 2147483647;
			files = (
				A0D68658284D37B800D673CF /* NetworkLayerTests.swift in Sources */,
				A0D68673284D384C00D673CF /* Request.swift in Sources */,
			);
			runOnlyForDeploymentPostprocessing = 0;
		};
		A0D68659284D37B800D673CF /* Sources */ = {
			isa = PBXSourcesBuildPhase;
			buildActionMask = 2147483647;
			files = (
				A0D68662284D37B800D673CF /* NetworkLayerUITests.swift in Sources */,
				A0D68664284D37B800D673CF /* NetworkLayerUITestsLaunchTests.swift in Sources */,
			);
			runOnlyForDeploymentPostprocessing = 0;
		};
/* End PBXSourcesBuildPhase section */

/* Begin PBXTargetDependency section */
		A0D68655284D37B800D673CF /* PBXTargetDependency */ = {
			isa = PBXTargetDependency;
			target = A0D6863C284D37B600D673CF /* News */;
			targetProxy = A0D68654284D37B800D673CF /* PBXContainerItemProxy */;
		};
		A0D6865F284D37B800D673CF /* PBXTargetDependency */ = {
			isa = PBXTargetDependency;
			target = A0D6863C284D37B600D673CF /* News */;
			targetProxy = A0D6865E284D37B800D673CF /* PBXContainerItemProxy */;
		};
/* End PBXTargetDependency section */

/* Begin PBXVariantGroup section */
		A0D68646284D37B600D673CF /* Main.storyboard */ = {
			isa = PBXVariantGroup;
			children = (
				A0D68647284D37B600D673CF /* Base */,
			);
			name = Main.storyboard;
			sourceTree = "<group>";
		};
		A0D6864B284D37B800D673CF /* LaunchScreen.storyboard */ = {
			isa = PBXVariantGroup;
			children = (
				A0D6864C284D37B800D673CF /* Base */,
			);
			name = LaunchScreen.storyboard;
			sourceTree = "<group>";
		};
/* End PBXVariantGroup section */

/* Begin XCBuildConfiguration section */
		A0D68665284D37B800D673CF /* Debug */ = {
			isa = XCBuildConfiguration;
			buildSettings = {
				ALWAYS_SEARCH_USER_PATHS = NO;
				CLANG_ANALYZER_NONNULL = YES;
				CLANG_ANALYZER_NUMBER_OBJECT_CONVERSION = YES_AGGRESSIVE;
				CLANG_CXX_LANGUAGE_STANDARD = "gnu++17";
				CLANG_ENABLE_MODULES = YES;
				CLANG_ENABLE_OBJC_ARC = YES;
				CLANG_ENABLE_OBJC_WEAK = YES;
				CLANG_WARN_BLOCK_CAPTURE_AUTORELEASING = YES;
				CLANG_WARN_BOOL_CONVERSION = YES;
				CLANG_WARN_COMMA = YES;
				CLANG_WARN_CONSTANT_CONVERSION = YES;
				CLANG_WARN_DEPRECATED_OBJC_IMPLEMENTATIONS = YES;
				CLANG_WARN_DIRECT_OBJC_ISA_USAGE = YES_ERROR;
				CLANG_WARN_DOCUMENTATION_COMMENTS = YES;
				CLANG_WARN_EMPTY_BODY = YES;
				CLANG_WARN_ENUM_CONVERSION = YES;
				CLANG_WARN_INFINITE_RECURSION = YES;
				CLANG_WARN_INT_CONVERSION = YES;
				CLANG_WARN_NON_LITERAL_NULL_CONVERSION = YES;
				CLANG_WARN_OBJC_IMPLICIT_RETAIN_SELF = YES;
				CLANG_WARN_OBJC_LITERAL_CONVERSION = YES;
				CLANG_WARN_OBJC_ROOT_CLASS = YES_ERROR;
				CLANG_WARN_QUOTED_INCLUDE_IN_FRAMEWORK_HEADER = YES;
				CLANG_WARN_RANGE_LOOP_ANALYSIS = YES;
				CLANG_WARN_STRICT_PROTOTYPES = YES;
				CLANG_WARN_SUSPICIOUS_MOVE = YES;
				CLANG_WARN_UNGUARDED_AVAILABILITY = YES_AGGRESSIVE;
				CLANG_WARN_UNREACHABLE_CODE = YES;
				CLANG_WARN__DUPLICATE_METHOD_MATCH = YES;
				COPY_PHASE_STRIP = NO;
				DEBUG_INFORMATION_FORMAT = dwarf;
				ENABLE_STRICT_OBJC_MSGSEND = YES;
				ENABLE_TESTABILITY = YES;
				GCC_C_LANGUAGE_STANDARD = gnu11;
				GCC_DYNAMIC_NO_PIC = NO;
				GCC_NO_COMMON_BLOCKS = YES;
				GCC_OPTIMIZATION_LEVEL = 0;
				GCC_PREPROCESSOR_DEFINITIONS = (
					"DEBUG=1",
					"$(inherited)",
				);
				GCC_WARN_64_TO_32_BIT_CONVERSION = YES;
				GCC_WARN_ABOUT_RETURN_TYPE = YES_ERROR;
				GCC_WARN_UNDECLARED_SELECTOR = YES;
				GCC_WARN_UNINITIALIZED_AUTOS = YES_AGGRESSIVE;
				GCC_WARN_UNUSED_FUNCTION = YES;
				GCC_WARN_UNUSED_VARIABLE = YES;
				IPHONEOS_DEPLOYMENT_TARGET = 15.4;
				MTL_ENABLE_DEBUG_INFO = INCLUDE_SOURCE;
				MTL_FAST_MATH = YES;
				ONLY_ACTIVE_ARCH = YES;
				SDKROOT = iphoneos;
				SWIFT_ACTIVE_COMPILATION_CONDITIONS = DEBUG;
				SWIFT_OPTIMIZATION_LEVEL = "-Onone";
			};
			name = Debug;
		};
		A0D68666284D37B800D673CF /* Release */ = {
			isa = XCBuildConfiguration;
			buildSettings = {
				ALWAYS_SEARCH_USER_PATHS = NO;
				CLANG_ANALYZER_NONNULL = YES;
				CLANG_ANALYZER_NUMBER_OBJECT_CONVERSION = YES_AGGRESSIVE;
				CLANG_CXX_LANGUAGE_STANDARD = "gnu++17";
				CLANG_ENABLE_MODULES = YES;
				CLANG_ENABLE_OBJC_ARC = YES;
				CLANG_ENABLE_OBJC_WEAK = YES;
				CLANG_WARN_BLOCK_CAPTURE_AUTORELEASING = YES;
				CLANG_WARN_BOOL_CONVERSION = YES;
				CLANG_WARN_COMMA = YES;
				CLANG_WARN_CONSTANT_CONVERSION = YES;
				CLANG_WARN_DEPRECATED_OBJC_IMPLEMENTATIONS = YES;
				CLANG_WARN_DIRECT_OBJC_ISA_USAGE = YES_ERROR;
				CLANG_WARN_DOCUMENTATION_COMMENTS = YES;
				CLANG_WARN_EMPTY_BODY = YES;
				CLANG_WARN_ENUM_CONVERSION = YES;
				CLANG_WARN_INFINITE_RECURSION = YES;
				CLANG_WARN_INT_CONVERSION = YES;
				CLANG_WARN_NON_LITERAL_NULL_CONVERSION = YES;
				CLANG_WARN_OBJC_IMPLICIT_RETAIN_SELF = YES;
				CLANG_WARN_OBJC_LITERAL_CONVERSION = YES;
				CLANG_WARN_OBJC_ROOT_CLASS = YES_ERROR;
				CLANG_WARN_QUOTED_INCLUDE_IN_FRAMEWORK_HEADER = YES;
				CLANG_WARN_RANGE_LOOP_ANALYSIS = YES;
				CLANG_WARN_STRICT_PROTOTYPES = YES;
				CLANG_WARN_SUSPICIOUS_MOVE = YES;
				CLANG_WARN_UNGUARDED_AVAILABILITY = YES_AGGRESSIVE;
				CLANG_WARN_UNREACHABLE_CODE = YES;
				CLANG_WARN__DUPLICATE_METHOD_MATCH = YES;
				COPY_PHASE_STRIP = NO;
				DEBUG_INFORMATION_FORMAT = "dwarf-with-dsym";
				ENABLE_NS_ASSERTIONS = NO;
				ENABLE_STRICT_OBJC_MSGSEND = YES;
				GCC_C_LANGUAGE_STANDARD = gnu11;
				GCC_NO_COMMON_BLOCKS = YES;
				GCC_WARN_64_TO_32_BIT_CONVERSION = YES;
				GCC_WARN_ABOUT_RETURN_TYPE = YES_ERROR;
				GCC_WARN_UNDECLARED_SELECTOR = YES;
				GCC_WARN_UNINITIALIZED_AUTOS = YES_AGGRESSIVE;
				GCC_WARN_UNUSED_FUNCTION = YES;
				GCC_WARN_UNUSED_VARIABLE = YES;
				IPHONEOS_DEPLOYMENT_TARGET = 15.4;
				MTL_ENABLE_DEBUG_INFO = NO;
				MTL_FAST_MATH = YES;
				SDKROOT = iphoneos;
				SWIFT_COMPILATION_MODE = wholemodule;
				SWIFT_OPTIMIZATION_LEVEL = "-O";
				VALIDATE_PRODUCT = YES;
			};
			name = Release;
		};
		A0D68668284D37B800D673CF /* Debug */ = {
			isa = XCBuildConfiguration;
			buildSettings = {
				ASSETCATALOG_COMPILER_APPICON_NAME = AppIcon;
				ASSETCATALOG_COMPILER_GLOBAL_ACCENT_COLOR_NAME = AccentColor;
				BASE_URL = "https://newsapi.org/v2/";
				CODE_SIGN_STYLE = Automatic;
				CURRENT_PROJECT_VERSION = 1;
				DEVELOPMENT_TEAM = EQV48EW98J;
				GENERATE_INFOPLIST_FILE = YES;
				INFOPLIST_FILE = News/Info.plist;
				INFOPLIST_KEY_UIApplicationSupportsIndirectInputEvents = YES;
				INFOPLIST_KEY_UILaunchStoryboardName = LaunchScreen;
				INFOPLIST_KEY_UIMainStoryboardFile = Main;
				INFOPLIST_KEY_UISupportedInterfaceOrientations_iPad = "UIInterfaceOrientationPortrait UIInterfaceOrientationPortraitUpsideDown UIInterfaceOrientationLandscapeLeft UIInterfaceOrientationLandscapeRight";
				INFOPLIST_KEY_UISupportedInterfaceOrientations_iPhone = "UIInterfaceOrientationPortrait UIInterfaceOrientationLandscapeLeft UIInterfaceOrientationLandscapeRight";
				LD_RUNPATH_SEARCH_PATHS = (
					"$(inherited)",
					"@executable_path/Frameworks",
				);
				MARKETING_VERSION = 1.0;
				PRODUCT_BUNDLE_IDENTIFIER = com.nithaparan.NetworkLayer;
				PRODUCT_NAME = "$(TARGET_NAME)";
				SWIFT_EMIT_LOC_STRINGS = YES;
				SWIFT_VERSION = 5.0;
				TARGETED_DEVICE_FAMILY = "1,2";
			};
			name = Debug;
		};
		A0D68669284D37B800D673CF /* Release */ = {
			isa = XCBuildConfiguration;
			buildSettings = {
				ASSETCATALOG_COMPILER_APPICON_NAME = AppIcon;
				ASSETCATALOG_COMPILER_GLOBAL_ACCENT_COLOR_NAME = AccentColor;
				BASE_URL = "https://newsapi.org/v2/";
				CODE_SIGN_STYLE = Automatic;
				CURRENT_PROJECT_VERSION = 1;
				DEVELOPMENT_TEAM = EQV48EW98J;
				GENERATE_INFOPLIST_FILE = YES;
				INFOPLIST_FILE = News/Info.plist;
				INFOPLIST_KEY_UIApplicationSupportsIndirectInputEvents = YES;
				INFOPLIST_KEY_UILaunchStoryboardName = LaunchScreen;
				INFOPLIST_KEY_UIMainStoryboardFile = Main;
				INFOPLIST_KEY_UISupportedInterfaceOrientations_iPad = "UIInterfaceOrientationPortrait UIInterfaceOrientationPortraitUpsideDown UIInterfaceOrientationLandscapeLeft UIInterfaceOrientationLandscapeRight";
				INFOPLIST_KEY_UISupportedInterfaceOrientations_iPhone = "UIInterfaceOrientationPortrait UIInterfaceOrientationLandscapeLeft UIInterfaceOrientationLandscapeRight";
				LD_RUNPATH_SEARCH_PATHS = (
					"$(inherited)",
					"@executable_path/Frameworks",
				);
				MARKETING_VERSION = 1.0;
				PRODUCT_BUNDLE_IDENTIFIER = com.nithaparan.NetworkLayer;
				PRODUCT_NAME = "$(TARGET_NAME)";
				SWIFT_EMIT_LOC_STRINGS = YES;
				SWIFT_VERSION = 5.0;
				TARGETED_DEVICE_FAMILY = "1,2";
			};
			name = Release;
		};
		A0D6866B284D37B800D673CF /* Debug */ = {
			isa = XCBuildConfiguration;
			buildSettings = {
				ALWAYS_EMBED_SWIFT_STANDARD_LIBRARIES = YES;
				BUNDLE_LOADER = "$(TEST_HOST)";
				CODE_SIGN_STYLE = Automatic;
				CURRENT_PROJECT_VERSION = 1;
				DEVELOPMENT_TEAM = EQV48EW98J;
				GENERATE_INFOPLIST_FILE = YES;
				IPHONEOS_DEPLOYMENT_TARGET = 15.4;
				MARKETING_VERSION = 1.0;
				PRODUCT_BUNDLE_IDENTIFIER = com.nithaparan.NetworkLayerTests;
				PRODUCT_NAME = "$(TARGET_NAME)";
				SWIFT_EMIT_LOC_STRINGS = NO;
				SWIFT_VERSION = 5.0;
				TARGETED_DEVICE_FAMILY = "1,2";
				TEST_HOST = "$(BUILT_PRODUCTS_DIR)/NetworkLayer.app/NetworkLayer";
			};
			name = Debug;
		};
		A0D6866C284D37B800D673CF /* Release */ = {
			isa = XCBuildConfiguration;
			buildSettings = {
				ALWAYS_EMBED_SWIFT_STANDARD_LIBRARIES = YES;
				BUNDLE_LOADER = "$(TEST_HOST)";
				CODE_SIGN_STYLE = Automatic;
				CURRENT_PROJECT_VERSION = 1;
				DEVELOPMENT_TEAM = EQV48EW98J;
				GENERATE_INFOPLIST_FILE = YES;
				IPHONEOS_DEPLOYMENT_TARGET = 15.4;
				MARKETING_VERSION = 1.0;
				PRODUCT_BUNDLE_IDENTIFIER = com.nithaparan.NetworkLayerTests;
				PRODUCT_NAME = "$(TARGET_NAME)";
				SWIFT_EMIT_LOC_STRINGS = NO;
				SWIFT_VERSION = 5.0;
				TARGETED_DEVICE_FAMILY = "1,2";
				TEST_HOST = "$(BUILT_PRODUCTS_DIR)/NetworkLayer.app/NetworkLayer";
			};
			name = Release;
		};
		A0D6866E284D37B800D673CF /* Debug */ = {
			isa = XCBuildConfiguration;
			buildSettings = {
				ALWAYS_EMBED_SWIFT_STANDARD_LIBRARIES = YES;
				CODE_SIGN_STYLE = Automatic;
				CURRENT_PROJECT_VERSION = 1;
				DEVELOPMENT_TEAM = EQV48EW98J;
				GENERATE_INFOPLIST_FILE = YES;
				MARKETING_VERSION = 1.0;
				PRODUCT_BUNDLE_IDENTIFIER = com.nithaparan.NetworkLayerUITests;
				PRODUCT_NAME = "$(TARGET_NAME)";
				SWIFT_EMIT_LOC_STRINGS = NO;
				SWIFT_VERSION = 5.0;
				TARGETED_DEVICE_FAMILY = "1,2";
				TEST_TARGET_NAME = NetworkLayer;
			};
			name = Debug;
		};
		A0D6866F284D37B800D673CF /* Release */ = {
			isa = XCBuildConfiguration;
			buildSettings = {
				ALWAYS_EMBED_SWIFT_STANDARD_LIBRARIES = YES;
				CODE_SIGN_STYLE = Automatic;
				CURRENT_PROJECT_VERSION = 1;
				DEVELOPMENT_TEAM = EQV48EW98J;
				GENERATE_INFOPLIST_FILE = YES;
				MARKETING_VERSION = 1.0;
				PRODUCT_BUNDLE_IDENTIFIER = com.nithaparan.NetworkLayerUITests;
				PRODUCT_NAME = "$(TARGET_NAME)";
				SWIFT_EMIT_LOC_STRINGS = NO;
				SWIFT_VERSION = 5.0;
				TARGETED_DEVICE_FAMILY = "1,2";
				TEST_TARGET_NAME = NetworkLayer;
			};
			name = Release;
		};
/* End XCBuildConfiguration section */

/* Begin XCConfigurationList section */
		A0D68638284D37B600D673CF /* Build configuration list for PBXProject "News" */ = {
			isa = XCConfigurationList;
			buildConfigurations = (
				A0D68665284D37B800D673CF /* Debug */,
				A0D68666284D37B800D673CF /* Release */,
			);
			defaultConfigurationIsVisible = 0;
			defaultConfigurationName = Release;
		};
		A0D68667284D37B800D673CF /* Build configuration list for PBXNativeTarget "News" */ = {
			isa = XCConfigurationList;
			buildConfigurations = (
				A0D68668284D37B800D673CF /* Debug */,
				A0D68669284D37B800D673CF /* Release */,
			);
			defaultConfigurationIsVisible = 0;
			defaultConfigurationName = Release;
		};
		A0D6866A284D37B800D673CF /* Build configuration list for PBXNativeTarget "NetworkLayerTests" */ = {
			isa = XCConfigurationList;
			buildConfigurations = (
				A0D6866B284D37B800D673CF /* Debug */,
				A0D6866C284D37B800D673CF /* Release */,
			);
			defaultConfigurationIsVisible = 0;
			defaultConfigurationName = Release;
		};
		A0D6866D284D37B800D673CF /* Build configuration list for PBXNativeTarget "NetworkLayerUITests" */ = {
			isa = XCConfigurationList;
			buildConfigurations = (
				A0D6866E284D37B800D673CF /* Debug */,
				A0D6866F284D37B800D673CF /* Release */,
			);
			defaultConfigurationIsVisible = 0;
			defaultConfigurationName = Release;
		};
/* End XCConfigurationList section */

/* Begin XCRemoteSwiftPackageReference section */
		A00A562628523DD3004A36EC /* XCRemoteSwiftPackageReference "keychain-swift" */ = {
			isa = XCRemoteSwiftPackageReference;
			repositoryURL = "https://github.com/evgenyneu/keychain-swift";
			requirement = {
				branch = master;
				kind = branch;
			};
		};
		A00A562F285251E6004A36EC /* XCRemoteSwiftPackageReference "RxSwift" */ = {
			isa = XCRemoteSwiftPackageReference;
			repositoryURL = "https://github.com/ReactiveX/RxSwift.git";
			requirement = {
				kind = exactVersion;
				version = 6.5.0;
			};
		};
		A00A563A28526B71004A36EC /* XCRemoteSwiftPackageReference "SDWebImage" */ = {
			isa = XCRemoteSwiftPackageReference;
			repositoryURL = "https://github.com/SDWebImage/SDWebImage.git";
			requirement = {
				kind = upToNextMajorVersion;
				minimumVersion = 5.0.0;
			};
		};
/* End XCRemoteSwiftPackageReference section */

/* Begin XCSwiftPackageProductDependency section */
		A00A562728523DD3004A36EC /* KeychainSwift */ = {
			isa = XCSwiftPackageProductDependency;
			package = A00A562628523DD3004A36EC /* XCRemoteSwiftPackageReference "keychain-swift" */;
			productName = KeychainSwift;
		};
		A00A5630285251E6004A36EC /* RxCocoa */ = {
			isa = XCSwiftPackageProductDependency;
			package = A00A562F285251E6004A36EC /* XCRemoteSwiftPackageReference "RxSwift" */;
			productName = RxCocoa;
		};
		A00A5632285251E6004A36EC /* RxSwift */ = {
			isa = XCSwiftPackageProductDependency;
			package = A00A562F285251E6004A36EC /* XCRemoteSwiftPackageReference "RxSwift" */;
			productName = RxSwift;
		};
		A00A563B28526B71004A36EC /* SDWebImage */ = {
			isa = XCSwiftPackageProductDependency;
			package = A00A563A28526B71004A36EC /* XCRemoteSwiftPackageReference "SDWebImage" */;
			productName = SDWebImage;
		};
/* End XCSwiftPackageProductDependency section */
	};
	rootObject = A0D68635284D37B600D673CF /* Project object */;
}
